// !$*UTF8*$!
{
	archiveVersion = 1;
	classes = {
	};
	objectVersion = 50;
	objects = {

/* Begin PBXBuildFile section */
		1836D827231A3E43001839E1 /* AppDelegate.swift in Sources */ = {isa = PBXBuildFile; fileRef = 1836D826231A3E43001839E1 /* AppDelegate.swift */; };
		1836D829231A3E43001839E1 /* ViewController.swift in Sources */ = {isa = PBXBuildFile; fileRef = 1836D828231A3E43001839E1 /* ViewController.swift */; };
		1836D82C231A3E43001839E1 /* Main.storyboard in Resources */ = {isa = PBXBuildFile; fileRef = 1836D82A231A3E43001839E1 /* Main.storyboard */; };
		1836D82E231A3E44001839E1 /* Assets.xcassets in Resources */ = {isa = PBXBuildFile; fileRef = 1836D82D231A3E44001839E1 /* Assets.xcassets */; };
		1836D831231A3E44001839E1 /* LaunchScreen.storyboard in Resources */ = {isa = PBXBuildFile; fileRef = 1836D82F231A3E44001839E1 /* LaunchScreen.storyboard */; };
		1836D83C231A3E45001839E1 /* CameraAndGalleryDemoTests.swift in Sources */ = {isa = PBXBuildFile; fileRef = 1836D83B231A3E45001839E1 /* CameraAndGalleryDemoTests.swift */; };
		1836D847231A3E45001839E1 /* CameraAndGalleryDemoUITests.swift in Sources */ = {isa = PBXBuildFile; fileRef = 1836D846231A3E45001839E1 /* CameraAndGalleryDemoUITests.swift */; };
		1836D855231A3E9F001839E1 /* CameraAndGalleryPermisson.swift in Sources */ = {isa = PBXBuildFile; fileRef = 1836D854231A3E9F001839E1 /* CameraAndGalleryPermisson.swift */; };
/* End PBXBuildFile section */

/* Begin PBXContainerItemProxy section */
		1836D838231A3E45001839E1 /* PBXContainerItemProxy */ = {
			isa = PBXContainerItemProxy;
			containerPortal = 1836D81B231A3E43001839E1 /* Project object */;
			proxyType = 1;
			remoteGlobalIDString = 1836D822231A3E43001839E1;
			remoteInfo = CameraAndGalleryDemo;
		};
		1836D843231A3E45001839E1 /* PBXContainerItemProxy */ = {
			isa = PBXContainerItemProxy;
			containerPortal = 1836D81B231A3E43001839E1 /* Project object */;
			proxyType = 1;
			remoteGlobalIDString = 1836D822231A3E43001839E1;
			remoteInfo = CameraAndGalleryDemo;
		};
/* End PBXContainerItemProxy section */

/* Begin PBXFileReference section */
		1836D823231A3E43001839E1 /* CameraAndGalleryDemo.app */ = {isa = PBXFileReference; explicitFileType = wrapper.application; includeInIndex = 0; path = CameraAndGalleryDemo.app; sourceTree = BUILT_PRODUCTS_DIR; };
		1836D826231A3E43001839E1 /* AppDelegate.swift */ = {isa = PBXFileReference; lastKnownFileType = sourcecode.swift; path = AppDelegate.swift; sourceTree = "<group>"; };
		1836D828231A3E43001839E1 /* ViewController.swift */ = {isa = PBXFileReference; lastKnownFileType = sourcecode.swift; path = ViewController.swift; sourceTree = "<group>"; };
		1836D82B231A3E43001839E1 /* Base */ = {isa = PBXFileReference; lastKnownFileType = file.storyboard; name = Base; path = Base.lproj/Main.storyboard; sourceTree = "<group>"; };
		1836D82D231A3E44001839E1 /* Assets.xcassets */ = {isa = PBXFileReference; lastKnownFileType = folder.assetcatalog; path = Assets.xcassets; sourceTree = "<group>"; };
		1836D830231A3E44001839E1 /* Base */ = {isa = PBXFileReference; lastKnownFileType = file.storyboard; name = Base; path = Base.lproj/LaunchScreen.storyboard; sourceTree = "<group>"; };
		1836D832231A3E44001839E1 /* Info.plist */ = {isa = PBXFileReference; lastKnownFileType = text.plist.xml; path = Info.plist; sourceTree = "<group>"; };
		1836D837231A3E45001839E1 /* CameraAndGalleryDemoTests.xctest */ = {isa = PBXFileReference; explicitFileType = wrapper.cfbundle; includeInIndex = 0; path = CameraAndGalleryDemoTests.xctest; sourceTree = BUILT_PRODUCTS_DIR; };
		1836D83B231A3E45001839E1 /* CameraAndGalleryDemoTests.swift */ = {isa = PBXFileReference; lastKnownFileType = sourcecode.swift; path = CameraAndGalleryDemoTests.swift; sourceTree = "<group>"; };
		1836D83D231A3E45001839E1 /* Info.plist */ = {isa = PBXFileReference; lastKnownFileType = text.plist.xml; path = Info.plist; sourceTree = "<group>"; };
		1836D842231A3E45001839E1 /* CameraAndGalleryDemoUITests.xctest */ = {isa = PBXFileReference; explicitFileType = wrapper.cfbundle; includeInIndex = 0; path = CameraAndGalleryDemoUITests.xctest; sourceTree = BUILT_PRODUCTS_DIR; };
		1836D846231A3E45001839E1 /* CameraAndGalleryDemoUITests.swift */ = {isa = PBXFileReference; lastKnownFileType = sourcecode.swift; path = CameraAndGalleryDemoUITests.swift; sourceTree = "<group>"; };
		1836D848231A3E45001839E1 /* Info.plist */ = {isa = PBXFileReference; lastKnownFileType = text.plist.xml; path = Info.plist; sourceTree = "<group>"; };
		1836D854231A3E9F001839E1 /* CameraAndGalleryPermisson.swift */ = {isa = PBXFileReference; fileEncoding = 4; lastKnownFileType = sourcecode.swift; path = CameraAndGalleryPermisson.swift; sourceTree = "<group>"; };
/* End PBXFileReference section */

/* Begin PBXFrameworksBuildPhase section */
		1836D820231A3E43001839E1 /* Frameworks */ = {
			isa = PBXFrameworksBuildPhase;
			buildActionMask = 2147483647;
			files = (
			);
			runOnlyForDeploymentPostprocessing = 0;
		};
		1836D834231A3E45001839E1 /* Frameworks */ = {
			isa = PBXFrameworksBuildPhase;
			buildActionMask = 2147483647;
			files = (
			);
			runOnlyForDeploymentPostprocessing = 0;
		};
		1836D83F231A3E45001839E1 /* Frameworks */ = {
			isa = PBXFrameworksBuildPhase;
			buildActionMask = 2147483647;
			files = (
			);
			runOnlyForDeploymentPostprocessing = 0;
		};
/* End PBXFrameworksBuildPhase section */

/* Begin PBXGroup section */
		1836D81A231A3E43001839E1 = {
			isa = PBXGroup;
			children = (
				1836D825231A3E43001839E1 /* CameraAndGalleryDemo */,
				1836D83A231A3E45001839E1 /* CameraAndGalleryDemoTests */,
				1836D845231A3E45001839E1 /* CameraAndGalleryDemoUITests */,
				1836D824231A3E43001839E1 /* Products */,
			);
			sourceTree = "<group>";
		};
		1836D824231A3E43001839E1 /* Products */ = {
			isa = PBXGroup;
			children = (
				1836D823231A3E43001839E1 /* CameraAndGalleryDemo.app */,
				1836D837231A3E45001839E1 /* CameraAndGalleryDemoTests.xctest */,
				1836D842231A3E45001839E1 /* CameraAndGalleryDemoUITests.xctest */,
			);
			name = Products;
			sourceTree = "<group>";
		};
		1836D825231A3E43001839E1 /* CameraAndGalleryDemo */ = {
			isa = PBXGroup;
			children = (
				1836D826231A3E43001839E1 /* AppDelegate.swift */,
				1836D828231A3E43001839E1 /* ViewController.swift */,
				1836D854231A3E9F001839E1 /* CameraAndGalleryPermisson.swift */,
				1836D82A231A3E43001839E1 /* Main.storyboard */,
				1836D82D231A3E44001839E1 /* Assets.xcassets */,
				1836D82F231A3E44001839E1 /* LaunchScreen.storyboard */,
				1836D832231A3E44001839E1 /* Info.plist */,
			);
			path = CameraAndGalleryDemo;
			sourceTree = "<group>";
		};
		1836D83A231A3E45001839E1 /* CameraAndGalleryDemoTests */ = {
			isa = PBXGroup;
			children = (
				1836D83B231A3E45001839E1 /* CameraAndGalleryDemoTests.swift */,
				1836D83D231A3E45001839E1 /* Info.plist */,
			);
			path = CameraAndGalleryDemoTests;
			sourceTree = "<group>";
		};
		1836D845231A3E45001839E1 /* CameraAndGalleryDemoUITests */ = {
			isa = PBXGroup;
			children = (
				1836D846231A3E45001839E1 /* CameraAndGalleryDemoUITests.swift */,
				1836D848231A3E45001839E1 /* Info.plist */,
			);
			path = CameraAndGalleryDemoUITests;
			sourceTree = "<group>";
		};
/* End PBXGroup section */

/* Begin PBXNativeTarget section */
		1836D822231A3E43001839E1 /* CameraAndGalleryDemo */ = {
			isa = PBXNativeTarget;
			buildConfigurationList = 1836D84B231A3E45001839E1 /* Build configuration list for PBXNativeTarget "CameraAndGalleryDemo" */;
			buildPhases = (
				1836D81F231A3E43001839E1 /* Sources */,
				1836D820231A3E43001839E1 /* Frameworks */,
				1836D821231A3E43001839E1 /* Resources */,
			);
			buildRules = (
			);
			dependencies = (
			);
			name = CameraAndGalleryDemo;
			productName = CameraAndGalleryDemo;
			productReference = 1836D823231A3E43001839E1 /* CameraAndGalleryDemo.app */;
			productType = "com.apple.product-type.application";
		};
		1836D836231A3E45001839E1 /* CameraAndGalleryDemoTests */ = {
			isa = PBXNativeTarget;
			buildConfigurationList = 1836D84E231A3E45001839E1 /* Build configuration list for PBXNativeTarget "CameraAndGalleryDemoTests" */;
			buildPhases = (
				1836D833231A3E45001839E1 /* Sources */,
				1836D834231A3E45001839E1 /* Frameworks */,
				1836D835231A3E45001839E1 /* Resources */,
			);
			buildRules = (
			);
			dependencies = (
				1836D839231A3E45001839E1 /* PBXTargetDependency */,
			);
			name = CameraAndGalleryDemoTests;
			productName = CameraAndGalleryDemoTests;
			productReference = 1836D837231A3E45001839E1 /* CameraAndGalleryDemoTests.xctest */;
			productType = "com.apple.product-type.bundle.unit-test";
		};
		1836D841231A3E45001839E1 /* CameraAndGalleryDemoUITests */ = {
			isa = PBXNativeTarget;
			buildConfigurationList = 1836D851231A3E45001839E1 /* Build configuration list for PBXNativeTarget "CameraAndGalleryDemoUITests" */;
			buildPhases = (
				1836D83E231A3E45001839E1 /* Sources */,
				1836D83F231A3E45001839E1 /* Frameworks */,
				1836D840231A3E45001839E1 /* Resources */,
			);
			buildRules = (
			);
			dependencies = (
				1836D844231A3E45001839E1 /* PBXTargetDependency */,
			);
			name = CameraAndGalleryDemoUITests;
			productName = CameraAndGalleryDemoUITests;
			productReference = 1836D842231A3E45001839E1 /* CameraAndGalleryDemoUITests.xctest */;
			productType = "com.apple.product-type.bundle.ui-testing";
		};
/* End PBXNativeTarget section */

/* Begin PBXProject section */
		1836D81B231A3E43001839E1 /* Project object */ = {
			isa = PBXProject;
			attributes = {
				LastSwiftUpdateCheck = 1030;
				LastUpgradeCheck = 1030;
				ORGANIZATIONNAME = "Mitul Patel";
				TargetAttributes = {
					1836D822231A3E43001839E1 = {
						CreatedOnToolsVersion = 10.3;
					};
					1836D836231A3E45001839E1 = {
						CreatedOnToolsVersion = 10.3;
						TestTargetID = 1836D822231A3E43001839E1;
					};
					1836D841231A3E45001839E1 = {
						CreatedOnToolsVersion = 10.3;
						TestTargetID = 1836D822231A3E43001839E1;
					};
				};
			};
			buildConfigurationList = 1836D81E231A3E43001839E1 /* Build configuration list for PBXProject "CameraAndGalleryDemo" */;
			compatibilityVersion = "Xcode 9.3";
			developmentRegion = en;
			hasScannedForEncodings = 0;
			knownRegions = (
				en,
				Base,
			);
			mainGroup = 1836D81A231A3E43001839E1;
			productRefGroup = 1836D824231A3E43001839E1 /* Products */;
			projectDirPath = "";
			projectRoot = "";
			targets = (
				1836D822231A3E43001839E1 /* CameraAndGalleryDemo */,
				1836D836231A3E45001839E1 /* CameraAndGalleryDemoTests */,
				1836D841231A3E45001839E1 /* CameraAndGalleryDemoUITests */,
			);
		};
/* End PBXProject section */

/* Begin PBXResourcesBuildPhase section */
		1836D821231A3E43001839E1 /* Resources */ = {
			isa = PBXResourcesBuildPhase;
			buildActionMask = 2147483647;
			files = (
				1836D831231A3E44001839E1 /* LaunchScreen.storyboard in Resources */,
				1836D82E231A3E44001839E1 /* Assets.xcassets in Resources */,
				1836D82C231A3E43001839E1 /* Main.storyboard in Resources */,
			);
			runOnlyForDeploymentPostprocessing = 0;
		};
		1836D835231A3E45001839E1 /* Resources */ = {
			isa = PBXResourcesBuildPhase;
			buildActionMask = 2147483647;
			files = (
			);
			runOnlyForDeploymentPostprocessing = 0;
		};
		1836D840231A3E45001839E1 /* Resources */ = {
			isa = PBXResourcesBuildPhase;
			buildActionMask = 2147483647;
			files = (
			);
			runOnlyForDeploymentPostprocessing = 0;
		};
/* End PBXResourcesBuildPhase section */

/* Begin PBXSourcesBuildPhase section */
		1836D81F231A3E43001839E1 /* Sources */ = {
			isa = PBXSourcesBuildPhase;
			buildActionMask = 2147483647;
			files = (
				1836D829231A3E43001839E1 /* ViewController.swift in Sources */,
				1836D855231A3E9F001839E1 /* CameraAndGalleryPermisson.swift in Sources */,
				1836D827231A3E43001839E1 /* AppDelegate.swift in Sources */,
			);
			runOnlyForDeploymentPostprocessing = 0;
		};
		1836D833231A3E45001839E1 /* Sources */ = {
			isa = PBXSourcesBuildPhase;
			buildActionMask = 2147483647;
			files = (
				1836D83C231A3E45001839E1 /* CameraAndGalleryDemoTests.swift in Sources */,
			);
			runOnlyForDeploymentPostprocessing = 0;
		};
		1836D83E231A3E45001839E1 /* Sources */ = {
			isa = PBXSourcesBuildPhase;
			buildActionMask = 2147483647;
			files = (
				1836D847231A3E45001839E1 /* CameraAndGalleryDemoUITests.swift in Sources */,
			);
			runOnlyForDeploymentPostprocessing = 0;
		};
/* End PBXSourcesBuildPhase section */

/* Begin PBXTargetDependency section */
		1836D839231A3E45001839E1 /* PBXTargetDependency */ = {
			isa = PBXTargetDependency;
			target = 1836D822231A3E43001839E1 /* CameraAndGalleryDemo */;
			targetProxy = 1836D838231A3E45001839E1 /* PBXContainerItemProxy */;
		};
		1836D844231A3E45001839E1 /* PBXTargetDependency */ = {
			isa = PBXTargetDependency;
			target = 1836D822231A3E43001839E1 /* CameraAndGalleryDemo */;
			targetProxy = 1836D843231A3E45001839E1 /* PBXContainerItemProxy */;
		};
/* End PBXTargetDependency section */

/* Begin PBXVariantGroup section */
		1836D82A231A3E43001839E1 /* Main.storyboard */ = {
			isa = PBXVariantGroup;
			children = (
				1836D82B231A3E43001839E1 /* Base */,
			);
			name = Main.storyboard;
			sourceTree = "<group>";
		};
		1836D82F231A3E44001839E1 /* LaunchScreen.storyboard */ = {
			isa = PBXVariantGroup;
			children = (
				1836D830231A3E44001839E1 /* Base */,
			);
			name = LaunchScreen.storyboard;
			sourceTree = "<group>";
		};
/* End PBXVariantGroup section */

/* Begin XCBuildConfiguration section */
		1836D849231A3E45001839E1 /* Debug */ = {
			isa = XCBuildConfiguration;
			buildSettings = {
				ALWAYS_SEARCH_USER_PATHS = NO;
				CLANG_ANALYZER_NONNULL = YES;
				CLANG_ANALYZER_NUMBER_OBJECT_CONVERSION = YES_AGGRESSIVE;
				CLANG_CXX_LANGUAGE_STANDARD = "gnu++14";
				CLANG_CXX_LIBRARY = "libc++";
				CLANG_ENABLE_MODULES = YES;
				CLANG_ENABLE_OBJC_ARC = YES;
				CLANG_ENABLE_OBJC_WEAK = YES;
				CLANG_WARN_BLOCK_CAPTURE_AUTORELEASING = YES;
				CLANG_WARN_BOOL_CONVERSION = YES;
				CLANG_WARN_COMMA = YES;
				CLANG_WARN_CONSTANT_CONVERSION = YES;
				CLANG_WARN_DEPRECATED_OBJC_IMPLEMENTATIONS = YES;
				CLANG_WARN_DIRECT_OBJC_ISA_USAGE = YES_ERROR;
				CLANG_WARN_DOCUMENTATION_COMMENTS = YES;
				CLANG_WARN_EMPTY_BODY = YES;
				CLANG_WARN_ENUM_CONVERSION = YES;
				CLANG_WARN_INFINITE_RECURSION = YES;
				CLANG_WARN_INT_CONVERSION = YES;
				CLANG_WARN_NON_LITERAL_NULL_CONVERSION = YES;
				CLANG_WARN_OBJC_IMPLICIT_RETAIN_SELF = YES;
				CLANG_WARN_OBJC_LITERAL_CONVERSION = YES;
				CLANG_WARN_OBJC_ROOT_CLASS = YES_ERROR;
				CLANG_WARN_RANGE_LOOP_ANALYSIS = YES;
				CLANG_WARN_STRICT_PROTOTYPES = YES;
				CLANG_WARN_SUSPICIOUS_MOVE = YES;
				CLANG_WARN_UNGUARDED_AVAILABILITY = YES_AGGRESSIVE;
				CLANG_WARN_UNREACHABLE_CODE = YES;
				CLANG_WARN__DUPLICATE_METHOD_MATCH = YES;
				CODE_SIGN_IDENTITY = "iPhone Developer";
				COPY_PHASE_STRIP = NO;
				DEBUG_INFORMATION_FORMAT = dwarf;
				ENABLE_STRICT_OBJC_MSGSEND = YES;
				ENABLE_TESTABILITY = YES;
				GCC_C_LANGUAGE_STANDARD = gnu11;
				GCC_DYNAMIC_NO_PIC = NO;
				GCC_NO_COMMON_BLOCKS = YES;
				GCC_OPTIMIZATION_LEVEL = 0;
				GCC_PREPROCESSOR_DEFINITIONS = (
					"DEBUG=1",
					"$(inherited)",
				);
				GCC_WARN_64_TO_32_BIT_CONVERSION = YES;
				GCC_WARN_ABOUT_RETURN_TYPE = YES_ERROR;
				GCC_WARN_UNDECLARED_SELECTOR = YES;
				GCC_WARN_UNINITIALIZED_AUTOS = YES_AGGRESSIVE;
				GCC_WARN_UNUSED_FUNCTION = YES;
				GCC_WARN_UNUSED_VARIABLE = YES;
				IPHONEOS_DEPLOYMENT_TARGET = 12.4;
				MTL_ENABLE_DEBUG_INFO = INCLUDE_SOURCE;
				MTL_FAST_MATH = YES;
				ONLY_ACTIVE_ARCH = YES;
				SDKROOT = iphoneos;
				SWIFT_ACTIVE_COMPILATION_CONDITIONS = DEBUG;
				SWIFT_OPTIMIZATION_LEVEL = "-Onone";
			};
			name = Debug;
		};
		1836D84A231A3E45001839E1 /* Release */ = {
			isa = XCBuildConfiguration;
			buildSettings = {
				ALWAYS_SEARCH_USER_PATHS = NO;
				CLANG_ANALYZER_NONNULL = YES;
				CLANG_ANALYZER_NUMBER_OBJECT_CONVERSION = YES_AGGRESSIVE;
				CLANG_CXX_LANGUAGE_STANDARD = "gnu++14";
				CLANG_CXX_LIBRARY = "libc++";
				CLANG_ENABLE_MODULES = YES;
				CLANG_ENABLE_OBJC_ARC = YES;
				CLANG_ENABLE_OBJC_WEAK = YES;
				CLANG_WARN_BLOCK_CAPTURE_AUTORELEASING = YES;
				CLANG_WARN_BOOL_CONVERSION = YES;
				CLANG_WARN_COMMA = YES;
				CLANG_WARN_CONSTANT_CONVERSION = YES;
				CLANG_WARN_DEPRECATED_OBJC_IMPLEMENTATIONS = YES;
				CLANG_WARN_DIRECT_OBJC_ISA_USAGE = YES_ERROR;
				CLANG_WARN_DOCUMENTATION_COMMENTS = YES;
				CLANG_WARN_EMPTY_BODY = YES;
				CLANG_WARN_ENUM_CONVERSION = YES;
				CLANG_WARN_INFINITE_RECURSION = YES;
				CLANG_WARN_INT_CONVERSION = YES;
				CLANG_WARN_NON_LITERAL_NULL_CONVERSION = YES;
				CLANG_WARN_OBJC_IMPLICIT_RETAIN_SELF = YES;
				CLANG_WARN_OBJC_LITERAL_CONVERSION = YES;
				CLANG_WARN_OBJC_ROOT_CLASS = YES_ERROR;
				CLANG_WARN_RANGE_LOOP_ANALYSIS = YES;
				CLANG_WARN_STRICT_PROTOTYPES = YES;
				CLANG_WARN_SUSPICIOUS_MOVE = YES;
				CLANG_WARN_UNGUARDED_AVAILABILITY = YES_AGGRESSIVE;
				CLANG_WARN_UNREACHABLE_CODE = YES;
				CLANG_WARN__DUPLICATE_METHOD_MATCH = YES;
				CODE_SIGN_IDENTITY = "iPhone Developer";
				COPY_PHASE_STRIP = NO;
				DEBUG_INFORMATION_FORMAT = "dwarf-with-dsym";
				ENABLE_NS_ASSERTIONS = NO;
				ENABLE_STRICT_OBJC_MSGSEND = YES;
				GCC_C_LANGUAGE_STANDARD = gnu11;
				GCC_NO_COMMON_BLOCKS = YES;
				GCC_WARN_64_TO_32_BIT_CONVERSION = YES;
				GCC_WARN_ABOUT_RETURN_TYPE = YES_ERROR;
				GCC_WARN_UNDECLARED_SELECTOR = YES;
				GCC_WARN_UNINITIALIZED_AUTOS = YES_AGGRESSIVE;
				GCC_WARN_UNUSED_FUNCTION = YES;
				GCC_WARN_UNUSED_VARIABLE = YES;
				IPHONEOS_DEPLOYMENT_TARGET = 12.4;
				MTL_ENABLE_DEBUG_INFO = NO;
				MTL_FAST_MATH = YES;
				SDKROOT = iphoneos;
				SWIFT_COMPILATION_MODE = wholemodule;
				SWIFT_OPTIMIZATION_LEVEL = "-O";
				VALIDATE_PRODUCT = YES;
			};
			name = Release;
		};
		1836D84C231A3E45001839E1 /* Debug */ = {
			isa = XCBuildConfiguration;
			buildSettings = {
				ASSETCATALOG_COMPILER_APPICON_NAME = AppIcon;
				CODE_SIGN_STYLE = Manual;
				DEVELOPMENT_TEAM = "";
				INFOPLIST_FILE = CameraAndGalleryDemo/Info.plist;
				LD_RUNPATH_SEARCH_PATHS = (
					"$(inherited)",
					"@executable_path/Frameworks",
				);
				PRODUCT_BUNDLE_IDENTIFIER = "com.magic-IOS.CameraAndGalleryDemo";
				PRODUCT_NAME = "$(TARGET_NAME)";
				PROVISIONING_PROFILE_SPECIFIER = "";
				SWIFT_VERSION = 5.0;
				TARGETED_DEVICE_FAMILY = "1,2";
			};
			name = Debug;
		};
		1836D84D231A3E45001839E1 /* Release */ = {
			isa = XCBuildConfiguration;
			buildSettings = {
				ASSETCATALOG_COMPILER_APPICON_NAME = AppIcon;
				CODE_SIGN_STYLE = Manual;
				DEVELOPMENT_TEAM = "";
				INFOPLIST_FILE = CameraAndGalleryDemo/Info.plist;
				LD_RUNPATH_SEARCH_PATHS = (
					"$(inherited)",
					"@executable_path/Frameworks",
				);
				PRODUCT_BUNDLE_IDENTIFIER = "com.magic-IOS.CameraAndGalleryDemo";
				PRODUCT_NAME = "$(TARGET_NAME)";
				PROVISIONING_PROFILE_SPECIFIER = "";
				SWIFT_VERSION = 5.0;
				TARGETED_DEVICE_FAMILY = "1,2";
			};
			name = Release;
		};
		1836D84F231A3E45001839E1 /* Debug */ = {
			isa = XCBuildConfiguration;
			buildSettings = {
				ALWAYS_EMBED_SWIFT_STANDARD_LIBRARIES = YES;
				BUNDLE_LOADER = "$(TEST_HOST)";
				CODE_SIGN_STYLE = Automatic;
				INFOPLIST_FILE = CameraAndGalleryDemoTests/Info.plist;
				LD_RUNPATH_SEARCH_PATHS = (
					"$(inherited)",
					"@executable_path/Frameworks",
					"@loader_path/Frameworks",
				);
				PRODUCT_BUNDLE_IDENTIFIER = "com.magic-IOS.CameraAndGalleryDemoTests";
				PRODUCT_NAME = "$(TARGET_NAME)";
				SWIFT_VERSION = 5.0;
				TARGETED_DEVICE_FAMILY = "1,2";
				TEST_HOST = "$(BUILT_PRODUCTS_DIR)/CameraAndGalleryDemo.app/CameraAndGalleryDemo";
			};
			name = Debug;
		};
		1836D850231A3E45001839E1 /* Release */ = {
			isa = XCBuildConfiguration;
			buildSettings = {
				ALWAYS_EMBED_SWIFT_STANDARD_LIBRARIES = YES;
				BUNDLE_LOADER = "$(TEST_HOST)";
				CODE_SIGN_STYLE = Automatic;
				INFOPLIST_FILE = CameraAndGalleryDemoTests/Info.plist;
				LD_RUNPATH_SEARCH_PATHS = (
					"$(inherited)",
					"@executable_path/Frameworks",
					"@loader_path/Frameworks",
				);
				PRODUCT_BUNDLE_IDENTIFIER = "com.magic-IOS.CameraAndGalleryDemoTests";
				PRODUCT_NAME = "$(TARGET_NAME)";
				SWIFT_VERSION = 5.0;
				TARGETED_DEVICE_FAMILY = "1,2";
				TEST_HOST = "$(BUILT_PRODUCTS_DIR)/CameraAndGalleryDemo.app/CameraAndGalleryDemo";
			};
			name = Release;
		};
		1836D852231A3E45001839E1 /* Debug */ = {
			isa = XCBuildConfiguration;
			buildSettings = {
				ALWAYS_EMBED_SWIFT_STANDARD_LIBRARIES = YES;
				CODE_SIGN_STYLE = Automatic;
				INFOPLIST_FILE = CameraAndGalleryDemoUITests/Info.plist;
				LD_RUNPATH_SEARCH_PATHS = (
					"$(inherited)",
					"@executable_path/Frameworks",
					"@loader_path/Frameworks",
				);
				PRODUCT_BUNDLE_IDENTIFIER = "com.magic-IOS.CameraAndGalleryDemoUITests";
				PRODUCT_NAME = "$(TARGET_NAME)";
				SWIFT_VERSION = 5.0;
				TARGETED_DEVICE_FAMILY = "1,2";
				TEST_TARGET_NAME = CameraAndGalleryDemo;
			};
			name = Debug;
		};
		1836D853231A3E45001839E1 /* Release */ = {
			isa = XCBuildConfiguration;
			buildSettings = {
				ALWAYS_EMBED_SWIFT_STANDARD_LIBRARIES = YES;
				CODE_SIGN_STYLE = Automatic;
				INFOPLIST_FILE = CameraAndGalleryDemoUITests/Info.plist;
				LD_RUNPATH_SEARCH_PATHS = (
					"$(inherited)",
					"@executable_path/Frameworks",
					"@loader_path/Frameworks",
				);
				PRODUCT_BUNDLE_IDENTIFIER = "com.magic-IOS.CameraAndGalleryDemoUITests";
				PRODUCT_NAME = "$(TARGET_NAME)";
				SWIFT_VERSION = 5.0;
				TARGETED_DEVICE_FAMILY = "1,2";
				TEST_TARGET_NAME = CameraAndGalleryDemo;
			};
			name = Release;
		};
/* End XCBuildConfiguration section */

/* Begin XCConfigurationList section */
		1836D81E231A3E43001839E1 /* Build configuration list for PBXProject "CameraAndGalleryDemo" */ = {
			isa = XCConfigurationList;
			buildConfigurations = (
				1836D849231A3E45001839E1 /* Debug */,
				1836D84A231A3E45001839E1 /* Release */,
			);
			defaultConfigurationIsVisible = 0;
			defaultConfigurationName = Release;
		};
		1836D84B231A3E45001839E1 /* Build configuration list for PBXNativeTarget "CameraAndGalleryDemo" */ = {
			isa = XCConfigurationList;
			buildConfigurations = (
				1836D84C231A3E45001839E1 /* Debug */,
				1836D84D231A3E45001839E1 /* Release */,
			);
			defaultConfigurationIsVisible = 0;
			defaultConfigurationName = Release;
		};
		1836D84E231A3E45001839E1 /* Build configuration list for PBXNativeTarget "CameraAndGalleryDemoTests" */ = {
			isa = XCConfigurationList;
			buildConfigurations = (
				1836D84F231A3E45001839E1 /* Debug */,
				1836D850231A3E45001839E1 /* Release */,
			);
			defaultConfigurationIsVisible = 0;
			defaultConfigurationName = Release;
		};
		1836D851231A3E45001839E1 /* Build configuration list for PBXNativeTarget "CameraAndGalleryDemoUITests" */ = {
			isa = XCConfigurationList;
			buildConfigurations = (
				1836D852231A3E45001839E1 /* Debug */,
				1836D853231A3E45001839E1 /* Release */,
			);
			defaultConfigurationIsVisible = 0;
			defaultConfigurationName = Release;
		};
/* End XCConfigurationList section */
	};
	rootObject = 1836D81B231A3E43001839E1 /* Project object */;
}
